
Microsoft Visual Studio Solution File, Format Version 12.00
# Visual Studio 15
VisualStudioVersion = 15.0.28307.106
MinimumVisualStudioVersion = 10.0.40219.1
Project("{FAE04EC0-301F-11D3-BF4B-00C04F79EFBC}") = "Mandelbrot_Shiyi3", "Mandelbrot_Shiyi3\Mandelbrot_Shiyi3.csproj", "{766B7304-6A05-4CCF-ADF4-2F90FCAFF266}"
EndProject
Global
	GlobalSection(SolutionConfigurationPlatforms) = preSolution
		Debug|Any CPU = Debug|Any CPU
		Release|Any CPU = Release|Any CPU
	EndGlobalSection
	GlobalSection(ProjectConfigurationPlatforms) = postSolution
		{766B7304-6A05-4CCF-ADF4-2F90FCAFF266}.Debug|Any CPU.ActiveCfg = Debug|Any CPU
		{766B7304-6A05-4CCF-ADF4-2F90FCAFF266}.Debug|Any CPU.Build.0 = Debug|Any CPU
		{766B7304-6A05-4CCF-ADF4-2F90FCAFF266}.Release|Any CPU.ActiveCfg = Release|Any CPU
		{766B7304-6A05-4CCF-ADF4-2F90FCAFF266}.Release|Any CPU.Build.0 = Release|Any CPU
	EndGlobalSection
	GlobalSection(SolutionProperties) = preSolution
		HideSolutionNode = FALSE
	EndGlobalSection
	GlobalSection(ExtensibilityGlobals) = postSolution
		SolutionGuid = {BBCE72DC-AEA8-4AFA-8465-A952C72ADE4B}
	EndGlobalSection
EndGlobal
