
Microsoft Visual Studio Solution File, Format Version 12.00
# Visual Studio 15
Project("{FAE04EC0-301F-11D3-BF4B-00C04F79EFBC}") = "FittsLaw", "FittsLaw.csproj", "{5B1DE4CA-B7A0-4EED-8AFB-6C652EB33351}"
EndProject
Global
	GlobalSection(SolutionConfigurationPlatforms) = preSolution
		Debug|Any CPU = Debug|Any CPU
		Release|Any CPU = Release|Any CPU
	EndGlobalSection
	GlobalSection(ProjectConfigurationPlatforms) = postSolution
		{5B1DE4CA-B7A0-4EED-8AFB-6C652EB33351}.Debug|Any CPU.ActiveCfg = Debug|Any CPU
		{5B1DE4CA-B7A0-4EED-8AFB-6C652EB33351}.Debug|Any CPU.Build.0 = Debug|Any CPU
		{5B1DE4CA-B7A0-4EED-8AFB-6C652EB33351}.Release|Any CPU.ActiveCfg = Release|Any CPU
		{5B1DE4CA-B7A0-4EED-8AFB-6C652EB33351}.Release|Any CPU.Build.0 = Release|Any CPU
	EndGlobalSection
EndGlobal
